// !$*UTF8*$!
{
	archiveVersion = 1;
	classes = {
	};
	objectVersion = 46;
	objects = {

/* Begin PBXBuildFile section */
		680D63771D35D1990036DBEA /* AppDelegate.swift in Sources */ = {isa = PBXBuildFile; fileRef = 680D63761D35D1990036DBEA /* AppDelegate.swift */; };
		680D63791D35D1990036DBEA /* ViewController.swift in Sources */ = {isa = PBXBuildFile; fileRef = 680D63781D35D1990036DBEA /* ViewController.swift */; };
		680D637C1D35D1990036DBEA /* Main.storyboard in Resources */ = {isa = PBXBuildFile; fileRef = 680D637A1D35D1990036DBEA /* Main.storyboard */; };
		680D637E1D35D1990036DBEA /* Assets.xcassets in Resources */ = {isa = PBXBuildFile; fileRef = 680D637D1D35D1990036DBEA /* Assets.xcassets */; };
		680D63811D35D1990036DBEA /* LaunchScreen.storyboard in Resources */ = {isa = PBXBuildFile; fileRef = 680D637F1D35D1990036DBEA /* LaunchScreen.storyboard */; };
		680D63891D35D20C0036DBEA /* Student.swift in Sources */ = {isa = PBXBuildFile; fileRef = 680D63881D35D20C0036DBEA /* Student.swift */; };
		680D638D1D35F4130036DBEA /* Person.swift in Sources */ = {isa = PBXBuildFile; fileRef = 680D638C1D35F4130036DBEA /* Person.swift */; };
		680D638F1D3633220036DBEA /* BaseModel.swift in Sources */ = {isa = PBXBuildFile; fileRef = 680D638E1D3633220036DBEA /* BaseModel.swift */; };
/* End PBXBuildFile section */

/* Begin PBXFileReference section */
		680D63731D35D1990036DBEA /* ArchiverRuntime-Swift.app */ = {isa = PBXFileReference; explicitFileType = wrapper.application; includeInIndex = 0; path = "ArchiverRuntime-Swift.app"; sourceTree = BUILT_PRODUCTS_DIR; };
		680D63761D35D1990036DBEA /* AppDelegate.swift */ = {isa = PBXFileReference; lastKnownFileType = sourcecode.swift; path = AppDelegate.swift; sourceTree = "<group>"; };
		680D63781D35D1990036DBEA /* ViewController.swift */ = {isa = PBXFileReference; lastKnownFileType = sourcecode.swift; path = ViewController.swift; sourceTree = "<group>"; };
		680D637B1D35D1990036DBEA /* Base */ = {isa = PBXFileReference; lastKnownFileType = file.storyboard; name = Base; path = Base.lproj/Main.storyboard; sourceTree = "<group>"; };
		680D637D1D35D1990036DBEA /* Assets.xcassets */ = {isa = PBXFileReference; lastKnownFileType = folder.assetcatalog; path = Assets.xcassets; sourceTree = "<group>"; };
		680D63801D35D1990036DBEA /* Base */ = {isa = PBXFileReference; lastKnownFileType = file.storyboard; name = Base; path = Base.lproj/LaunchScreen.storyboard; sourceTree = "<group>"; };
		680D63821D35D1990036DBEA /* Info.plist */ = {isa = PBXFileReference; lastKnownFileType = text.plist.xml; path = Info.plist; sourceTree = "<group>"; };
		680D63881D35D20C0036DBEA /* Student.swift */ = {isa = PBXFileReference; fileEncoding = 4; lastKnownFileType = sourcecode.swift; path = Student.swift; sourceTree = "<group>"; };
		680D638C1D35F4130036DBEA /* Person.swift */ = {isa = PBXFileReference; fileEncoding = 4; lastKnownFileType = sourcecode.swift; path = Person.swift; sourceTree = "<group>"; };
		680D638E1D3633220036DBEA /* BaseModel.swift */ = {isa = PBXFileReference; fileEncoding = 4; lastKnownFileType = sourcecode.swift; path = BaseModel.swift; sourceTree = "<group>"; };
/* End PBXFileReference section */

/* Begin PBXFrameworksBuildPhase section */
		680D63701D35D1990036DBEA /* Frameworks */ = {
			isa = PBXFrameworksBuildPhase;
			buildActionMask = 2147483647;
			files = (
			);
			runOnlyForDeploymentPostprocessing = 0;
		};
/* End PBXFrameworksBuildPhase section */

/* Begin PBXGroup section */
		680D636A1D35D1990036DBEA = {
			isa = PBXGroup;
			children = (
				680D63751D35D1990036DBEA /* ArchiverRuntime-Swift */,
				680D63741D35D1990036DBEA /* Products */,
			);
			sourceTree = "<group>";
		};
		680D63741D35D1990036DBEA /* Products */ = {
			isa = PBXGroup;
			children = (
				680D63731D35D1990036DBEA /* ArchiverRuntime-Swift.app */,
			);
			name = Products;
			sourceTree = "<group>";
		};
		680D63751D35D1990036DBEA /* ArchiverRuntime-Swift */ = {
			isa = PBXGroup;
			children = (
				680D63761D35D1990036DBEA /* AppDelegate.swift */,
				680D63781D35D1990036DBEA /* ViewController.swift */,
				680D637A1D35D1990036DBEA /* Main.storyboard */,
				680D637D1D35D1990036DBEA /* Assets.xcassets */,
				680D637F1D35D1990036DBEA /* LaunchScreen.storyboard */,
				680D63821D35D1990036DBEA /* Info.plist */,
				680D63881D35D20C0036DBEA /* Student.swift */,
				680D638C1D35F4130036DBEA /* Person.swift */,
				680D638E1D3633220036DBEA /* BaseModel.swift */,
			);
			path = "ArchiverRuntime-Swift";
			sourceTree = "<group>";
		};
/* End PBXGroup section */

/* Begin PBXNativeTarget section */
		680D63721D35D1990036DBEA /* ArchiverRuntime-Swift */ = {
			isa = PBXNativeTarget;
			buildConfigurationList = 680D63851D35D1990036DBEA /* Build configuration list for PBXNativeTarget "ArchiverRuntime-Swift" */;
			buildPhases = (
				680D636F1D35D1990036DBEA /* Sources */,
				680D63701D35D1990036DBEA /* Frameworks */,
				680D63711D35D1990036DBEA /* Resources */,
			);
			buildRules = (
			);
			dependencies = (
			);
			name = "ArchiverRuntime-Swift";
			productName = "ArchiverRuntime-Swift";
			productReference = 680D63731D35D1990036DBEA /* ArchiverRuntime-Swift.app */;
			productType = "com.apple.product-type.application";
		};
/* End PBXNativeTarget section */

/* Begin PBXProject section */
		680D636B1D35D1990036DBEA /* Project object */ = {
			isa = PBXProject;
			attributes = {
				LastSwiftUpdateCheck = 0730;
				LastUpgradeCheck = 0730;
				ORGANIZATIONNAME = LZQ;
				TargetAttributes = {
					680D63721D35D1990036DBEA = {
						CreatedOnToolsVersion = 7.3;
					};
				};
			};
			buildConfigurationList = 680D636E1D35D1990036DBEA /* Build configuration list for PBXProject "ArchiverRuntime-Swift" */;
			compatibilityVersion = "Xcode 3.2";
			developmentRegion = English;
			hasScannedForEncodings = 0;
			knownRegions = (
				en,
				Base,
			);
			mainGroup = 680D636A1D35D1990036DBEA;
			productRefGroup = 680D63741D35D1990036DBEA /* Products */;
			projectDirPath = "";
			projectRoot = "";
			targets = (
				680D63721D35D1990036DBEA /* ArchiverRuntime-Swift */,
			);
		};
/* End PBXProject section */

/* Begin PBXResourcesBuildPhase section */
		680D63711D35D1990036DBEA /* Resources */ = {
			isa = PBXResourcesBuildPhase;
			buildActionMask = 2147483647;
			files = (
				680D63811D35D1990036DBEA /* LaunchScreen.storyboard in Resources */,
				680D637E1D35D1990036DBEA /* Assets.xcassets in Resources */,
				680D637C1D35D1990036DBEA /* Main.storyboard in Resources */,
			);
			runOnlyForDeploymentPostprocessing = 0;
		};
/* End PBXResourcesBuildPhase section */

/* Begin PBXSourcesBuildPhase section */
		680D636F1D35D1990036DBEA /* Sources */ = {
			isa = PBXSourcesBuildPhase;
			buildActionMask = 2147483647;
			files = (
				680D638D1D35F4130036DBEA /* Person.swift in Sources */,
				680D63791D35D1990036DBEA /* ViewController.swift in Sources */,
				680D63891D35D20C0036DBEA /* Student.swift in Sources */,
				680D63771D35D1990036DBEA /* AppDelegate.swift in Sources */,
				680D638F1D3633220036DBEA /* BaseModel.swift in Sources */,
			);
			runOnlyForDeploymentPostprocessing = 0;
		};
/* End PBXSourcesBuildPhase section */

/* Begin PBXVariantGroup section */
		680D637A1D35D1990036DBEA /* Main.storyboard */ = {
			isa = PBXVariantGroup;
			children = (
				680D637B1D35D1990036DBEA /* Base */,
			);
			name = Main.storyboard;
			sourceTree = "<group>";
		};
		680D637F1D35D1990036DBEA /* LaunchScreen.storyboard */ = {
			isa = PBXVariantGroup;
			children = (
				680D63801D35D1990036DBEA /* Base */,
			);
			name = LaunchScreen.storyboard;
			sourceTree = "<group>";
		};
/* End PBXVariantGroup section */

/* Begin XCBuildConfiguration section */
		680D63831D35D1990036DBEA /* Debug */ = {
			isa = XCBuildConfiguration;
			buildSettings = {
				ALWAYS_SEARCH_USER_PATHS = NO;
				CLANG_ANALYZER_NONNULL = YES;
				CLANG_CXX_LANGUAGE_STANDARD = "gnu++0x";
				CLANG_CXX_LIBRARY = "libc++";
				CLANG_ENABLE_MODULES = YES;
				CLANG_ENABLE_OBJC_ARC = YES;
				CLANG_WARN_BOOL_CONVERSION = YES;
				CLANG_WARN_CONSTANT_CONVERSION = YES;
				CLANG_WARN_DIRECT_OBJC_ISA_USAGE = YES_ERROR;
				CLANG_WARN_EMPTY_BODY = YES;
				CLANG_WARN_ENUM_CONVERSION = YES;
				CLANG_WARN_INT_CONVERSION = YES;
				CLANG_WARN_OBJC_ROOT_CLASS = YES_ERROR;
				CLANG_WARN_UNREACHABLE_CODE = YES;
				CLANG_WARN__DUPLICATE_METHOD_MATCH = YES;
				"CODE_SIGN_IDENTITY[sdk=iphoneos*]" = "iPhone Developer";
				COPY_PHASE_STRIP = NO;
				DEBUG_INFORMATION_FORMAT = dwarf;
				ENABLE_STRICT_OBJC_MSGSEND = YES;
				ENABLE_TESTABILITY = YES;
				GCC_C_LANGUAGE_STANDARD = gnu99;
				GCC_DYNAMIC_NO_PIC = NO;
				GCC_NO_COMMON_BLOCKS = YES;
				GCC_OPTIMIZATION_LEVEL = 0;
				GCC_PREPROCESSOR_DEFINITIONS = (
					"DEBUG=1",
					"$(inherited)",
				);
				GCC_WARN_64_TO_32_BIT_CONVERSION = YES;
				GCC_WARN_ABOUT_RETURN_TYPE = YES_ERROR;
				GCC_WARN_UNDECLARED_SELECTOR = YES;
				GCC_WARN_UNINITIALIZED_AUTOS = YES_AGGRESSIVE;
				GCC_WARN_UNUSED_FUNCTION = YES;
				GCC_WARN_UNUSED_VARIABLE = YES;
				IPHONEOS_DEPLOYMENT_TARGET = 9.3;
				MTL_ENABLE_DEBUG_INFO = YES;
				ONLY_ACTIVE_ARCH = YES;
				SDKROOT = iphoneos;
				SWIFT_OPTIMIZATION_LEVEL = "-Onone";
			};
			name = Debug;
		};
		680D63841D35D1990036DBEA /* Release */ = {
			isa = XCBuildConfiguration;
			buildSettings = {
				ALWAYS_SEARCH_USER_PATHS = NO;
				CLANG_ANALYZER_NONNULL = YES;
				CLANG_CXX_LANGUAGE_STANDARD = "gnu++0x";
				CLANG_CXX_LIBRARY = "libc++";
				CLANG_ENABLE_MODULES = YES;
				CLANG_ENABLE_OBJC_ARC = YES;
				CLANG_WARN_BOOL_CONVERSION = YES;
				CLANG_WARN_CONSTANT_CONVERSION = YES;
				CLANG_WARN_DIRECT_OBJC_ISA_USAGE = YES_ERROR;
				CLANG_WARN_EMPTY_BODY = YES;
				CLANG_WARN_ENUM_CONVERSION = YES;
				CLANG_WARN_INT_CONVERSION = YES;
				CLANG_WARN_OBJC_ROOT_CLASS = YES_ERROR;
				CLANG_WARN_UNREACHABLE_CODE = YES;
				CLANG_WARN__DUPLICATE_METHOD_MATCH = YES;
				"CODE_SIGN_IDENTITY[sdk=iphoneos*]" = "iPhone Developer";
				COPY_PHASE_STRIP = NO;
				DEBUG_INFORMATION_FORMAT = "dwarf-with-dsym";
				ENABLE_NS_ASSERTIONS = NO;
				ENABLE_STRICT_OBJC_MSGSEND = YES;
				GCC_C_LANGUAGE_STANDARD = gnu99;
				GCC_NO_COMMON_BLOCKS = YES;
				GCC_WARN_64_TO_32_BIT_CONVERSION = YES;
				GCC_WARN_ABOUT_RETURN_TYPE = YES_ERROR;
				GCC_WARN_UNDECLARED_SELECTOR = YES;
				GCC_WARN_UNINITIALIZED_AUTOS = YES_AGGRESSIVE;
				GCC_WARN_UNUSED_FUNCTION = YES;
				GCC_WARN_UNUSED_VARIABLE = YES;
				IPHONEOS_DEPLOYMENT_TARGET = 9.3;
				MTL_ENABLE_DEBUG_INFO = NO;
				SDKROOT = iphoneos;
				VALIDATE_PRODUCT = YES;
			};
			name = Release;
		};
		680D63861D35D1990036DBEA /* Debug */ = {
			isa = XCBuildConfiguration;
			buildSettings = {
				ASSETCATALOG_COMPILER_APPICON_NAME = AppIcon;
				INFOPLIST_FILE = "ArchiverRuntime-Swift/Info.plist";
				LD_RUNPATH_SEARCH_PATHS = "$(inherited) @executable_path/Frameworks";
				PRODUCT_BUNDLE_IDENTIFIER = "com.iue.ArchiverRuntime-Swift";
				PRODUCT_NAME = "$(TARGET_NAME)";
			};
			name = Debug;
		};
		680D63871D35D1990036DBEA /* Release */ = {
			isa = XCBuildConfiguration;
			buildSettings = {
				ASSETCATALOG_COMPILER_APPICON_NAME = AppIcon;
				INFOPLIST_FILE = "ArchiverRuntime-Swift/Info.plist";
				LD_RUNPATH_SEARCH_PATHS = "$(inherited) @executable_path/Frameworks";
				PRODUCT_BUNDLE_IDENTIFIER = "com.iue.ArchiverRuntime-Swift";
				PRODUCT_NAME = "$(TARGET_NAME)";
			};
			name = Release;
		};
/* End XCBuildConfiguration section */

/* Begin XCConfigurationList section */
		680D636E1D35D1990036DBEA /* Build configuration list for PBXProject "ArchiverRuntime-Swift" */ = {
			isa = XCConfigurationList;
			buildConfigurations = (
				680D63831D35D1990036DBEA /* Debug */,
				680D63841D35D1990036DBEA /* Release */,
			);
			defaultConfigurationIsVisible = 0;
			defaultConfigurationName = Release;
		};
		680D63851D35D1990036DBEA /* Build configuration list for PBXNativeTarget "ArchiverRuntime-Swift" */ = {
			isa = XCConfigurationList;
			buildConfigurations = (
				680D63861D35D1990036DBEA /* Debug */,
				680D63871D35D1990036DBEA /* Release */,
			);
			defaultConfigurationIsVisible = 0;
		};
/* End XCConfigurationList section */
	};
	rootObject = 680D636B1D35D1990036DBEA /* Project object */;
}
